{
  "name": "01-nvm",
  "version": "1.0.0",
  "lockfileVersion": 3,
  "requires": true,
  "packages": {
    "": {
      "name": "01-nvm",
      "version": "1.0.0",
      "license": "ISC",
      "dependencies": {
        "express": "^3.20.1"
      },
      "engines": {
        "node": "20.x"
      }
    },
    "node_modules/accepts": {
      "version": "1.2.13",
      "resolved": "https://registry.npmjs.org/accepts/-/accepts-1.2.13.tgz",
      "integrity": "sha512-R190A3EzrS4huFOVZajhXCYZt5p5yrkaQOB4nsWzfth0cYaDcSN5J86l58FJ1dt7igp37fB/QhnuFkGAJmr+eg==",
      "dependencies": {
        "mime-types": "~2.1.6",
        "negotiator": "0.5.3"
      },
      "engines": {
        "node": ">= 0.6"
      }
    },
    "node_modules/base64-url": {
      "version": "1.2.1",
      "resolved": "https://registry.npmjs.org/base64-url/-/base64-url-1.2.1.tgz",
      "integrity": "sha512-V8E0l1jyyeSSS9R+J9oljx5eq2rqzClInuwaPcyuv0Mm3ViI/3/rcc4rCEO8i4eQ4I0O0FAGYDA2i5xWHHPhzg=="
    },
    "node_modules/basic-auth": {
      "version": "1.0.0",
      "resolved": "https://registry.npmjs.org/basic-auth/-/basic-auth-1.0.0.tgz",
      "integrity": "sha512-qzxS7/bW/LSiKZzdZw3isPjiVmzXbJLM3ImZZ62WMR3oJQAyqy094Nnb0TA2ZZm65xB7nu0acfTQ99z7wwCDCw=="
    },
    "node_modules/basic-auth-connect": {
      "version": "1.0.0",
      "resolved": "https://registry.npmjs.org/basic-auth-connect/-/basic-auth-connect-1.0.0.tgz",
      "integrity": "sha512-kiV+/DTgVro4aZifY/hwRwALBISViL5NP4aReaR2EVJEObpbUBHIkdJh/YpcoEiYt7nBodZ6U2ajZeZvSxUCCg=="
    },
    "node_modules/batch": {
      "version": "0.5.2",
      "resolved": "https://registry.npmjs.org/batch/-/batch-0.5.2.tgz",
      "integrity": "sha512-X0I0DXa+bcVkCRdJv2tUBIYLl+tCE/2e/sE2NHpNneZT49sa0JUJjMevlbKJRajngUOk0MamQvetRDyTkzKqnA=="
    },
    "node_modules/body-parser": {
      "version": "1.12.4",
      "resolved": "https://registry.npmjs.org/body-parser/-/body-parser-1.12.4.tgz",
      "integrity": "sha512-fueabp0EDZKvebbSI94mGzVlJr3vViXA7q+W+52MFZCrcJjRlnTkPQjpua8+6M6WOh1swnw+DJiUrETWRIQn9g==",
      "dependencies": {
        "bytes": "1.0.0",
        "content-type": "~1.0.1",
        "debug": "~2.2.0",
        "depd": "~1.0.1",
        "iconv-lite": "0.4.8",
        "on-finished": "~2.2.1",
        "qs": "2.4.2",
        "raw-body": "~2.0.1",
        "type-is": "~1.6.2"
      },
      "engines": {
        "node": ">= 0.8"
      }
    },
    "node_modules/body-parser/node_modules/debug": {
      "version": "2.2.0",
      "resolved": "https://registry.npmjs.org/debug/-/debug-2.2.0.tgz",
      "integrity": "sha512-X0rGvJcskG1c3TgSCPqHJ0XJgwlcvOC7elJ5Y0hYuKBZoVqWpAMfLOeIh2UI/DCQ5ruodIjvsugZtjUYUw2pUw==",
      "dependencies": {
        "ms": "0.7.1"
      }
    },
    "node_modules/body-parser/node_modules/qs": {
      "version": "2.4.2",
      "resolved": "https://registry.npmjs.org/qs/-/qs-2.4.2.tgz",
      "integrity": "sha512-Ur2glV49dt6jknphzkWeLUNCy7pmwGxGaEJuuxVVBioSwQzT00cZPLEtRqr4cg/iO/6N+RbfB0lFD2EovyeEng=="
    },
    "node_modules/bytes": {
      "version": "1.0.0",
      "resolved": "https://registry.npmjs.org/bytes/-/bytes-1.0.0.tgz",
      "integrity": "sha512-/x68VkHLeTl3/Ll8IvxdwzhrT+IyKc52e/oyHhA2RwqPqswSnjVbSddfPRwAsJtbilMAPSRWwAlpxdYsSWOTKQ=="
    },
    "node_modules/commander": {
      "version": "2.6.0",
      "resolved": "https://registry.npmjs.org/commander/-/commander-2.6.0.tgz",
      "integrity": "sha512-PhbTMT+ilDXZKqH8xbvuUY2ZEQNef0Q7DKxgoEKb4ccytsdvVVJmYqR0sGbi96nxU6oGrwEIQnclpK2NBZuQlg==",
      "engines": {
        "node": ">= 0.6.x"
      }
    },
    "node_modules/compressible": {
      "version": "2.0.18",
      "resolved": "https://registry.npmjs.org/compressible/-/compressible-2.0.18.tgz",
      "integrity": "sha512-AF3r7P5dWxL8MxyITRMlORQNaOA2IkAFaTr4k7BUumjPtRpGDTZpl0Pb1XCO6JeDCBdp126Cgs9sMxqSjgYyRg==",
      "dependencies": {
        "mime-db": ">= 1.43.0 < 2"
      },
      "engines": {
        "node": ">= 0.6"
      }
    },
    "node_modules/compression": {
      "version": "1.4.4",
      "resolved": "https://registry.npmjs.org/compression/-/compression-1.4.4.tgz",
      "integrity": "sha512-RjajRPa003HeDgxM6vrzHetO5mmznToCjRRj6loyC0XhJXKThWu27wv1DzAfJGYRGd+oZUiw9Jx13JcuFPuztg==",
      "dependencies": {
        "accepts": "~1.2.7",
        "bytes": "1.0.0",
        "compressible": "~2.0.2",
        "debug": "~2.2.0",
        "on-headers": "~1.0.0",
        "vary": "~1.0.0"
      },
      "engines": {
        "node": ">= 0.8.0"
      }
    },
    "node_modules/compression/node_modules/debug": {
      "version": "2.2.0",
      "resolved": "https://registry.npmjs.org/debug/-/debug-2.2.0.tgz",
      "integrity": "sha512-X0rGvJcskG1c3TgSCPqHJ0XJgwlcvOC7elJ5Y0hYuKBZoVqWpAMfLOeIh2UI/DCQ5ruodIjvsugZtjUYUw2pUw==",
      "dependencies": {
        "ms": "0.7.1"
      }
    },
    "node_modules/connect": {
      "version": "2.29.0",
      "resolved": "https://registry.npmjs.org/connect/-/connect-2.29.0.tgz",
      "integrity": "sha512-sXUz42OTTB2oPG9KKoJBQJotvMzhWn3gKSolC3a/DeUW4dg6zs5agjE/EIFXJ0+h4dDVAehpVjKteEeOFdQfXg==",
      "deprecated": "connect 2.x series is deprecated",
      "dependencies": {
        "basic-auth-connect": "1.0.0",
        "body-parser": "~1.12.0",
        "bytes": "1.0.0",
        "compression": "~1.4.1",
        "connect-timeout": "~1.6.0",
        "content-type": "~1.0.1",
        "cookie": "0.1.2",
        "cookie-parser": "~1.3.4",
        "cookie-signature": "1.0.6",
        "csurf": "~1.7.0",
        "debug": "~2.1.1",
        "depd": "~1.0.0",
        "errorhandler": "~1.3.4",
        "express-session": "~1.10.3",
        "finalhandler": "0.3.3",
        "fresh": "0.2.4",
        "http-errors": "~1.3.1",
        "method-override": "~2.3.1",
        "morgan": "~1.5.1",
        "multiparty": "3.3.2",
        "on-headers": "~1.0.0",
        "parseurl": "~1.3.0",
        "pause": "0.0.1",
        "qs": "2.3.3",
        "response-time": "~2.3.0",
        "serve-favicon": "~2.2.0",
        "serve-index": "~1.6.2",
        "serve-static": "~1.9.1",
        "type-is": "~1.6.0",
        "utils-merge": "1.0.0",
        "vhost": "~3.0.0"
      },
      "engines": {
        "node": ">= 0.8.0"
      }
    },
    "node_modules/connect-timeout": {
      "version": "1.6.2",
      "resolved": "https://registry.npmjs.org/connect-timeout/-/connect-timeout-1.6.2.tgz",
      "integrity": "sha512-qIFt3Ja6gRuJtVoWhPa5FtOO8ERs0MfW/QkmQ0vjrAL78otrkxe8w/qjTAgU/T1W/jH5qeZXJHilmOPKNTiEQw==",
      "dependencies": {
        "debug": "~2.2.0",
        "http-errors": "~1.3.1",
        "ms": "0.7.1",
        "on-headers": "~1.0.0"
      },
      "engines": {
        "node": ">= 0.8"
      }
    },
    "node_modules/connect-timeout/node_modules/debug": {
      "version": "2.2.0",
      "resolved": "https://registry.npmjs.org/debug/-/debug-2.2.0.tgz",
      "integrity": "sha512-X0rGvJcskG1c3TgSCPqHJ0XJgwlcvOC7elJ5Y0hYuKBZoVqWpAMfLOeIh2UI/DCQ5ruodIjvsugZtjUYUw2pUw==",
      "dependencies": {
        "ms": "0.7.1"
      }
    },
    "node_modules/content-disposition": {
      "version": "0.5.0",
      "resolved": "https://registry.npmjs.org/content-disposition/-/content-disposition-0.5.0.tgz",
      "integrity": "sha512-PWzG8GssMHTPSLBoOeK5MvPPJeWU5ZVX8omvJC16BUH/nUX6J/jM/hgm/mrPWzTXVV3B3OoBhFdHXyGLU4TgUw==",
      "engines": {
        "node": ">= 0.6"
      }
    },
    "node_modules/content-type": {
      "version": "1.0.5",
      "resolved": "https://registry.npmjs.org/content-type/-/content-type-1.0.5.tgz",
      "integrity": "sha512-nTjqfcBFEipKdXCv4YDQWCfmcLZKm81ldF0pAopTvyrFGVbcR6P/VAAd5G7N+0tTr8QqiU0tFadD6FK4NtJwOA==",
      "engines": {
        "node": ">= 0.6"
      }
    },
    "node_modules/cookie": {
      "version": "0.1.2",
      "resolved": "https://registry.npmjs.org/cookie/-/cookie-0.1.2.tgz",
      "integrity": "sha512-+mHmWbhevLwkiBf7QcbZXHr0v4ZQQ/OgHk3fsQHrsMMiGzuvAmU/YMUR+ZfrO/BLAGIWFfx2Z7Oyso0tZR/wiA==",
      "engines": {
        "node": "*"
      }
    },
    "node_modules/cookie-parser": {
      "version": "1.3.5",
      "resolved": "https://registry.npmjs.org/cookie-parser/-/cookie-parser-1.3.5.tgz",
      "integrity": "sha512-YN/8nzPcK5o6Op4MIzAd4H4qUal5+3UaMhVIeaafFYL0pKvBQA/9Yhzo7ZwvBpjdGshsiTAb1+FC37M6RdPDFg==",
      "dependencies": {
        "cookie": "0.1.3",
        "cookie-signature": "1.0.6"
      },
      "engines": {
        "node": ">= 0.8.0"
      }
    },
    "node_modules/cookie-parser/node_modules/cookie": {
      "version": "0.1.3",
      "resolved": "https://registry.npmjs.org/cookie/-/cookie-0.1.3.tgz",
      "integrity": "sha512-mWkFhcL+HVG1KjeCjEBVJJ7s4sAGMLiBDFSDs4bzzvgLZt7rW8BhP6XV/8b1+pNvx/skd3yYxPuaF3Z6LlQzyw==",
      "engines": {
        "node": "*"
      }
    },
    "node_modules/cookie-signature": {
      "version": "1.0.6",
      "resolved": "https://registry.npmjs.org/cookie-signature/-/cookie-signature-1.0.6.tgz",
      "integrity": "sha512-QADzlaHc8icV8I7vbaJXJwod9HWYp8uCqf1xa4OfNu1T7JVxQIrUgOWtHdNDtPiywmFbiS12VjotIXLrKM3orQ=="
    },
    "node_modules/core-util-is": {
      "version": "1.0.3",
      "resolved": "https://registry.npmjs.org/core-util-is/-/core-util-is-1.0.3.tgz",
      "integrity": "sha512-ZQBvi1DcpJ4GDqanjucZ2Hj3wEO5pZDS89BWbkcrvdxksJorwUDDZamX9ldFkp9aw2lmBDLgkObEA4DWNJ9FYQ=="
    },
    "node_modules/crc": {
      "version": "3.2.1",
      "resolved": "https://registry.npmjs.org/crc/-/crc-3.2.1.tgz",
      "integrity": "sha512-H21TaZQyic++ilBStWHntVpS2STWO37tzE0w0P5iAY1ntaPVtlZ3E6FcwltyZa6MYrEbKMxjEwXh3fBHlW8Qqw=="
    },
    "node_modules/csrf": {
      "version": "2.0.7",
      "resolved": "https://registry.npmjs.org/csrf/-/csrf-2.0.7.tgz",
      "integrity": "sha512-AA22oKr4/2k9QxCLXOS/10NcGudOsxj6oRTa6HjW3spZbJJgKaODdOo1AnZSuz1fSdVNmf4ddXPLsBX+PDeLNA==",
      "dependencies": {
        "base64-url": "1.2.1",
        "rndm": "~1.1.0",
        "scmp": "1.0.0",
        "uid-safe": "~1.1.0"
      },
      "engines": {
        "node": ">= 0.8"
      }
    },
    "node_modules/csurf": {
      "version": "1.7.0",
      "resolved": "https://registry.npmjs.org/csurf/-/csurf-1.7.0.tgz",
      "integrity": "sha512-wqJM0UpkHlmK+1XsDePU3SRd52NxYqhLfJuq0qE+zTfweGh76Wt/qZqPLq12Fv/qCRRqOmJkB1rrJDpKbIxdXw==",
      "dependencies": {
        "cookie": "0.1.2",
        "cookie-signature": "1.0.6",
        "csrf": "~2.0.6",
        "http-errors": "~1.3.1"
      },
      "engines": {
        "node": ">= 0.8.0"
      }
    },
    "node_modules/debug": {
      "version": "2.1.3",
      "resolved": "https://registry.npmjs.org/debug/-/debug-2.1.3.tgz",
      "integrity": "sha512-KWau3VQmxO3YwQCjJzMPPusOtI0hx3UGsqnY7RS+QHQjUeawpOVtJvAdeTrI2Ja5DTR8KH3xaEN8c+ADbXJWeg==",
      "dependencies": {
        "ms": "0.7.0"
      }
    },
    "node_modules/debug/node_modules/ms": {
      "version": "0.7.0",
      "resolved": "https://registry.npmjs.org/ms/-/ms-0.7.0.tgz",
      "integrity": "sha512-YmuMMkfOZzzAftlHwiQxFepJx/5rDaYi9o9QanyBCk485BRAyM/vB9XoYlZvglxE/pmAWOiQgrdoE10watiK9w=="
    },
    "node_modules/depd": {
      "version": "1.0.1",
      "resolved": "https://registry.npmjs.org/depd/-/depd-1.0.1.tgz",
      "integrity": "sha512-OEWAMbCkK9IWQ8pfTvHBhCSqHgR+sk5pbiYqq0FqfARG4Cy+cRsCbITx6wh5pcsmfBPiJAcbd98tfdz5fnBbag==",
      "engines": {
        "node": ">= 0.6"
      }
    },
    "node_modules/destroy": {
      "version": "1.0.3",
      "resolved": "https://registry.npmjs.org/destroy/-/destroy-1.0.3.tgz",
      "integrity": "sha512-KB/AVLKRwZPOEo6/lxkDJ+Bv3jFRRrhmnRMPvpWwmIfUggpzGkQBqolyo8FRf833b/F5rzmy1uVN3fHBkjTxgw=="
    },
    "node_modules/ee-first": {
      "version": "1.1.0",
      "resolved": "https://registry.npmjs.org/ee-first/-/ee-first-1.1.0.tgz",
      "integrity": "sha512-n4X/DaHVKHyDy1Rwuzm1UPjTRIBSarj1BBZ5R5HLOFLn58yhw510qoF1zk94jjkw3mXScdsmMtYCNR1jsAJlEA=="
    },
    "node_modules/errorhandler": {
      "version": "1.3.6",
      "resolved": "https://registry.npmjs.org/errorhandler/-/errorhandler-1.3.6.tgz",
      "integrity": "sha512-3I7tdX1yENY11jzUOMDDxk9GFvzPjpi6wU5El4j5xqKECsfDG9Zk5AII3bpybjurXctFXHYS6ZSkLai96O9Prg==",
      "dependencies": {
        "accepts": "~1.2.6",
        "escape-html": "1.0.1"
      },
      "engines": {
        "node": ">= 0.8"
      }
    },
    "node_modules/escape-html": {
      "version": "1.0.1",
      "resolved": "https://registry.npmjs.org/escape-html/-/escape-html-1.0.1.tgz",
      "integrity": "sha512-z6kAnok8fqVTra7Yu77dZF2Y6ETJlxH58wN38wNyuNQLm8xXdKnfNrlSmfXsTePWP03rRVUKHubtUwanwUi7+g=="
    },
    "node_modules/etag": {
      "version": "1.5.1",
      "resolved": "https://registry.npmjs.org/etag/-/etag-1.5.1.tgz",
      "integrity": "sha512-Y+bhHICnjqZeY4I1kHDwvWTN0VcrI3ucWNbtofd0LLarRKEK8DkAL0uBdl3HCmf1HMjyrmgC/kqj+zXG5mYe7A==",
      "dependencies": {
        "crc": "3.2.1"
      },
      "engines": {
        "node": ">= 0.6"
      }
    },
    "node_modules/express": {
      "version": "3.20.1",
      "resolved": "https://registry.npmjs.org/express/-/express-3.20.1.tgz",
      "integrity": "sha512-NmXr4OqROm1N2IdnbQctXkwaaGr/mLexd9BfP4lNlcgVUG1bysEab9cETM0uOCaDD5WSWQyKVSigCvgOPoB+Hw==",
      "dependencies": {
        "basic-auth": "1.0.0",
        "commander": "2.6.0",
        "connect": "2.29.0",
        "content-disposition": "0.5.0",
        "content-type": "~1.0.1",
        "cookie": "0.1.2",
        "cookie-signature": "1.0.6",
        "debug": "~2.1.1",
        "depd": "~1.0.0",
        "escape-html": "1.0.1",
        "etag": "~1.5.1",
        "fresh": "0.2.4",
        "merge-descriptors": "0.0.2",
        "methods": "~1.1.1",
        "mkdirp": "0.5.0",
        "parseurl": "~1.3.0",
        "proxy-addr": "~1.0.6",
        "range-parser": "~1.0.2",
        "send": "0.12.1",
        "utils-merge": "1.0.0",
        "vary": "~1.0.0"
      },
      "bin": {
        "express": "bin/express"
      },
      "engines": {
        "node": ">= 0.8.0"
      }
    },
    "node_modules/express-session": {
      "version": "1.10.4",
      "resolved": "https://registry.npmjs.org/express-session/-/express-session-1.10.4.tgz",
      "integrity": "sha512-wlV6vPtfXLB9/jCYIqO7Kn78EuTjLLbJ0umBbJZXx/IwgtYtTaFjEmg4nOIKZ6c0k7POUMEXiXB3NxojQ7Wa3Q==",
      "dependencies": {
        "cookie": "0.1.2",
        "cookie-signature": "1.0.6",
        "crc": "3.2.1",
        "debug": "~2.1.3",
        "depd": "~1.0.0",
        "on-headers": "~1.0.0",
        "parseurl": "~1.3.0",
        "uid-safe": "1.1.0",
        "utils-merge": "1.0.0"
      },
      "engines": {
        "node": ">= 0.8.0"
      }
    },
    "node_modules/finalhandler": {
      "version": "0.3.3",
      "resolved": "https://registry.npmjs.org/finalhandler/-/finalhandler-0.3.3.tgz",
      "integrity": "sha512-2Os1f3WIa2papf/sQ10h3NKjI+iadgTUIb2MfIUFcKFZgRSmQtBbYdhKct9wkWjoJA6+zIgIMDFtk4Fd0qKhdg==",
      "dependencies": {
        "debug": "~2.1.1",
        "escape-html": "1.0.1",
        "on-finished": "~2.2.0"
      },
      "engines": {
        "node": ">= 0.8"
      }
    },
    "node_modules/forwarded": {
      "version": "0.1.2",
      "resolved": "https://registry.npmjs.org/forwarded/-/forwarded-0.1.2.tgz",
      "integrity": "sha512-Ua9xNhH0b8pwE3yRbFfXJvfdWF0UHNCdeyb2sbi9Ul/M+r3PTdrz7Cv4SCfZRMjmzEM9PhraqfZFbGTIg3OMyA==",
      "engines": {
        "node": ">= 0.6"
      }
    },
    "node_modules/fresh": {
      "version": "0.2.4",
      "resolved": "https://registry.npmjs.org/fresh/-/fresh-0.2.4.tgz",
      "integrity": "sha512-mnBGgIFRNu54GtbkXy6+QKPYW/b5joAURorA8ELeJc/5BBNph6Go1NmHa9dt08ghFnhGuLenrUmNO8Za1CwEUQ==",
      "engines": {
        "node": ">= 0.6"
      }
    },
    "node_modules/http-errors": {
      "version": "1.3.1",
      "resolved": "https://registry.npmjs.org/http-errors/-/http-errors-1.3.1.tgz",
      "integrity": "sha512-gMygNskMurDCWfoCdyh1gOeDfSbkAHXqz94QoPj5IHIUjC/BG8/xv7FSEUr7waR5RcAya4j58bft9Wu/wHNeXA==",
      "dependencies": {
        "inherits": "~2.0.1",
        "statuses": "1"
      },
      "engines": {
        "node": ">= 0.6"
      }
    },
    "node_modules/iconv-lite": {
      "version": "0.4.8",
      "resolved": "https://registry.npmjs.org/iconv-lite/-/iconv-lite-0.4.8.tgz",
      "integrity": "sha512-D90rbOiZuEJGtmIBK9wcRpW//ZKLD8bTPOAx5oEsu+O+HhSOstX/HCZFBvNkuyDuiNHunb81cfsqaYzZxcUMYA==",
      "engines": {
        "node": ">=0.8.0"
      }
    },
    "node_modules/inherits": {
      "version": "2.0.4",
      "resolved": "https://registry.npmjs.org/inherits/-/inherits-2.0.4.tgz",
      "integrity": "sha512-k/vGaX4/Yla3WzyMCvTQOXYeIHvqOKtnqBduzTHpzpQZzAskKMhZ2K+EnBiSM9zGSoIFeMpXKxa4dYeZIQqewQ=="
    },
    "node_modules/ipaddr.js": {
      "version": "1.0.5",
      "resolved": "https://registry.npmjs.org/ipaddr.js/-/ipaddr.js-1.0.5.tgz",
      "integrity": "sha512-wBj+q+3uP78gMowwWgFLAYm/q4x5goyZmDsmuvyz+nd1u0D/ghgXXtc1OkgmTzSiWT101kiqGacwFk9eGQw6xQ==",
      "engines": {
        "node": ">= 0.10"
      }
    },
    "node_modules/isarray": {
      "version": "0.0.1",
      "resolved": "https://registry.npmjs.org/isarray/-/isarray-0.0.1.tgz",
      "integrity": "sha512-D2S+3GLxWH+uhrNEcoh/fnmYeP8E8/zHl644d/jdA0g2uyXvy3sb0qxotE+ne0LtccHknQzWwZEzhak7oJ0COQ=="
    },
    "node_modules/media-typer": {
      "version": "0.3.0",
      "resolved": "https://registry.npmjs.org/media-typer/-/media-typer-0.3.0.tgz",
      "integrity": "sha512-dq+qelQ9akHpcOl/gUVRTxVIOkAJ1wR3QAvb4RsVjS8oVoFjDGTc679wJYmUmknUF5HwMLOgb5O+a3KxfWapPQ==",
      "engines": {
        "node": ">= 0.6"
      }
    },
    "node_modules/merge-descriptors": {
      "version": "0.0.2",
      "resolved": "https://registry.npmjs.org/merge-descriptors/-/merge-descriptors-0.0.2.tgz",
      "integrity": "sha512-dYBT4Ep+t/qnPeJcnMymmhTdd4g8/hn48ciaDqLAkfRf8abzLPS6Rb6EBdz5CZCL8tzZuI5ps9MhGQGxk+EuKg=="
    },
    "node_modules/method-override": {
      "version": "2.3.10",
      "resolved": "https://registry.npmjs.org/method-override/-/method-override-2.3.10.tgz",
      "integrity": "sha512-Ks2/7e+3JuwQcpLybc6wTHyqg13HDjOhLcE+YaAEub9DbSxF+ieMvxUlybmWW9luRMh9Cd0rO9aNtzUT51xfNQ==",
      "dependencies": {
        "debug": "2.6.9",
        "methods": "~1.1.2",
        "parseurl": "~1.3.2",
        "vary": "~1.1.2"
      },
      "engines": {
        "node": ">= 0.8.0"
      }
    },
    "node_modules/method-override/node_modules/debug": {
      "version": "2.6.9",
      "resolved": "https://registry.npmjs.org/debug/-/debug-2.6.9.tgz",
      "integrity": "sha512-bC7ElrdJaJnPbAP+1EotYvqZsb3ecl5wi6Bfi6BJTUcNowp6cvspg0jXznRTKDjm/E7AdgFBVeAPVMNcKGsHMA==",
      "dependencies": {
        "ms": "2.0.0"
      }
    },
    "node_modules/method-override/node_modules/ms": {
      "version": "2.0.0",
      "resolved": "https://registry.npmjs.org/ms/-/ms-2.0.0.tgz",
      "integrity": "sha512-Tpp60P6IUJDTuOq/5Z8cdskzJujfwqfOTkrwIwj7IRISpnkJnT6SyJ4PCPnGMoFjC9ddhal5KVIYtAt97ix05A=="
    },
    "node_modules/method-override/node_modules/vary": {
      "version": "1.1.2",
      "resolved": "https://registry.npmjs.org/vary/-/vary-1.1.2.tgz",
      "integrity": "sha512-BNGbWLfd0eUPabhkXUVm0j8uuvREyTh5ovRa/dyow/BqAbZJyC+5fU+IzQOzmAKzYqYRAISoRhdQr3eIZ/PXqg==",
      "engines": {
        "node": ">= 0.8"
      }
    },
    "node_modules/methods": {
      "version": "1.1.2",
      "resolved": "https://registry.npmjs.org/methods/-/methods-1.1.2.tgz",
      "integrity": "sha512-iclAHeNqNm68zFtnZ0e+1L2yUIdvzNoauKU4WBA3VvH/vPFieF7qfRlwUZU+DA9P9bPXIS90ulxoUoCH23sV2w==",
      "engines": {
        "node": ">= 0.6"
      }
    },
    "node_modules/mime": {
      "version": "1.3.4",
      "resolved": "https://registry.npmjs.org/mime/-/mime-1.3.4.tgz",
      "integrity": "sha512-sAaYXszED5ALBt665F0wMQCUXpGuZsGdopoqcHPdL39ZYdi7uHoZlhrfZfhv8WzivhBzr/oXwaj+yiK5wY8MXQ==",
      "bin": {
        "mime": "cli.js"
      }
    },
    "node_modules/mime-db": {
      "version": "1.53.0",
      "resolved": "https://registry.npmjs.org/mime-db/-/mime-db-1.53.0.tgz",
      "integrity": "sha512-oHlN/w+3MQ3rba9rqFr6V/ypF10LSkdwUysQL7GkXoTgIWeV+tcXGA852TBxH+gsh8UWoyhR1hKcoMJTuWflpg==",
      "engines": {
        "node": ">= 0.6"
      }
    },
    "node_modules/mime-types": {
      "version": "2.1.35",
      "resolved": "https://registry.npmjs.org/mime-types/-/mime-types-2.1.35.tgz",
      "integrity": "sha512-ZDY+bPm5zTTF+YpCrAU9nK0UgICYPT0QtT1NZWFv4s++TNkcgVaT0g6+4R2uI4MjQjzysHB1zxuWL50hzaeXiw==",
      "dependencies": {
        "mime-db": "1.52.0"
      },
      "engines": {
        "node": ">= 0.6"
      }
    },
    "node_modules/mime-types/node_modules/mime-db": {
      "version": "1.52.0",
      "resolved": "https://registry.npmjs.org/mime-db/-/mime-db-1.52.0.tgz",
      "integrity": "sha512-sPU4uV7dYlvtWJxwwxHD0PuihVNiE7TyAbQ5SWxDCB9mUYvOgroQOwYQQOKPJ8CIbE+1ETVlOoK1UC2nU3gYvg==",
      "engines": {
        "node": ">= 0.6"
      }
    },
    "node_modules/minimist": {
      "version": "0.0.8",
      "resolved": "https://registry.npmjs.org/minimist/-/minimist-0.0.8.tgz",
      "integrity": "sha512-miQKw5Hv4NS1Psg2517mV4e4dYNaO3++hjAvLOAzKqZ61rH8NS1SK+vbfBWZ5PY/Me/bEWhUwqMghEW5Fb9T7Q=="
    },
    "node_modules/mkdirp": {
      "version": "0.5.0",
      "resolved": "https://registry.npmjs.org/mkdirp/-/mkdirp-0.5.0.tgz",
      "integrity": "sha512-xjjNGy+ry1lhtIKcr2PT6ok3aszhQfgrUDp4OZLHacgRgFmF6XR9XCOJVcXlVGQonIqXcK1DvqgKKQOPWYGSfw==",
      "deprecated": "Legacy versions of mkdirp are no longer supported. Please update to mkdirp 1.x. (Note that the API surface has changed to use Promises in 1.x.)",
      "dependencies": {
        "minimist": "0.0.8"
      },
      "bin": {
        "mkdirp": "bin/cmd.js"
      }
    },
    "node_modules/morgan": {
      "version": "1.5.3",
      "resolved": "https://registry.npmjs.org/morgan/-/morgan-1.5.3.tgz",
      "integrity": "sha512-+4p403LxsJWcE8MRQlEkXqlZp/8B387URRZmIaqR36rr8X5sLiqWLXfnxjHIwY/f9g1pUqgCGFV5M1EaZm6WAw==",
      "dependencies": {
        "basic-auth": "~1.0.1",
        "debug": "~2.2.0",
        "depd": "~1.0.1",
        "on-finished": "~2.2.1"
      },
      "engines": {
        "node": ">= 0.8.0"
      }
    },
    "node_modules/morgan/node_modules/basic-auth": {
      "version": "1.0.4",
      "resolved": "https://registry.npmjs.org/basic-auth/-/basic-auth-1.0.4.tgz",
      "integrity": "sha512-uvq3I/zC5TmG0WZJDzsXzIytU9GiiSq23Gl27Dq9sV81JTfPfQhtdADECP1DJZeJoZPuYU0Y81hWC5y/dOR+Yw==",
      "engines": {
        "node": ">= 0.6"
      }
    },
    "node_modules/morgan/node_modules/debug": {
      "version": "2.2.0",
      "resolved": "https://registry.npmjs.org/debug/-/debug-2.2.0.tgz",
      "integrity": "sha512-X0rGvJcskG1c3TgSCPqHJ0XJgwlcvOC7elJ5Y0hYuKBZoVqWpAMfLOeIh2UI/DCQ5ruodIjvsugZtjUYUw2pUw==",
      "dependencies": {
        "ms": "0.7.1"
      }
    },
    "node_modules/ms": {
      "version": "0.7.1",
      "resolved": "https://registry.npmjs.org/ms/-/ms-0.7.1.tgz",
      "integrity": "sha512-lRLiIR9fSNpnP6TC4v8+4OU7oStC01esuNowdQ34L+Gk8e5Puoc88IqJ+XAY/B3Mn2ZKis8l8HX90oU8ivzUHg=="
    },
    "node_modules/multiparty": {
      "version": "3.3.2",
      "resolved": "https://registry.npmjs.org/multiparty/-/multiparty-3.3.2.tgz",
      "integrity": "sha512-FX6dDOKzDpkrb5/+Imq+V6dmCZNnC02tMDiZfrgHSYgfQj6CVPGzOVqfbHKt/Vy4ZZsmMPXkulyLf92lCyvV7A==",
      "dependencies": {
        "readable-stream": "~1.1.9",
        "stream-counter": "~0.2.0"
      },
      "engines": {
        "node": ">=0.8.0"
      }
    },
    "node_modules/native-or-bluebird": {
      "version": "1.1.2",
      "resolved": "https://registry.npmjs.org/native-or-bluebird/-/native-or-bluebird-1.1.2.tgz",
      "integrity": "sha512-Bgn5FHNkd+lPTjIzq1NVU/VZTvPKFvhdIDEyYjxrKNrScSXbVvNVzOKwoleysun0/HoN7R+TXmK9mCtEs84osA==",
      "deprecated": "'native-or-bluebird' is deprecated. Please use 'any-promise' instead."
    },
    "node_modules/negotiator": {
      "version": "0.5.3",
      "resolved": "https://registry.npmjs.org/negotiator/-/negotiator-0.5.3.tgz",
      "integrity": "sha512-oXmnazqehLNFohqgLxRyUdOQU9/UX0NpCpsnbjWUjM62ZM8oSOXYZpHc68XR130ftPNano0oQXGdREAplZRhaQ==",
      "engines": {
        "node": ">= 0.6"
      }
    },
    "node_modules/on-finished": {
      "version": "2.2.1",
      "resolved": "https://registry.npmjs.org/on-finished/-/on-finished-2.2.1.tgz",
      "integrity": "sha512-9HvMYLv7im5uzOAcg1lon2cEUxycCF4OI+zPz1R/x3MvBv5s2F+DuxrGwkPe+UwvStDQpWbrkXfLZv12mHbl4A==",
      "dependencies": {
        "ee-first": "1.1.0"
      },
      "engines": {
        "node": ">= 0.8"
      }
    },
    "node_modules/on-headers": {
      "version": "1.0.2",
      "resolved": "https://registry.npmjs.org/on-headers/-/on-headers-1.0.2.tgz",
      "integrity": "sha512-pZAE+FJLoyITytdqK0U5s+FIpjN0JP3OzFi/u8Rx+EV5/W+JTWGXG8xFzevE7AjBfDqHv/8vL8qQsIhHnqRkrA==",
      "engines": {
        "node": ">= 0.8"
      }
    },
    "node_modules/parseurl": {
      "version": "1.3.3",
      "resolved": "https://registry.npmjs.org/parseurl/-/parseurl-1.3.3.tgz",
      "integrity": "sha512-CiyeOxFT/JZyN5m0z9PfXw4SCBJ6Sygz1Dpl0wqjlhDEGGBP1GnsUVEL0p63hoG1fcj3fHynXi9NYO4nWOL+qQ==",
      "engines": {
        "node": ">= 0.8"
      }
    },
    "node_modules/pause": {
      "version": "0.0.1",
      "resolved": "https://registry.npmjs.org/pause/-/pause-0.0.1.tgz",
      "integrity": "sha512-KG8UEiEVkR3wGEb4m5yZkVCzigAD+cVEJck2CzYZO37ZGJfctvVptVO192MwrtPhzONn6go8ylnOdMhKqi4nfg=="
    },
    "node_modules/proxy-addr": {
      "version": "1.0.10",
      "resolved": "https://registry.npmjs.org/proxy-addr/-/proxy-addr-1.0.10.tgz",
      "integrity": "sha512-iq6kR9KN32aFvXjDyC8nIrm203AHeIBPjL6dpaHgSdbpTO8KoPlD0xG92xwwtkCL9+yt1LE5VwpEk43TyP38Dg==",
      "dependencies": {
        "forwarded": "~0.1.0",
        "ipaddr.js": "1.0.5"
      },
      "engines": {
        "node": ">= 0.6"
      }
    },
    "node_modules/qs": {
      "version": "2.3.3",
      "resolved": "https://registry.npmjs.org/qs/-/qs-2.3.3.tgz",
      "integrity": "sha512-f5M0HQqZWkzU8GELTY8LyMrGkr3bPjKoFtTkwUEqJQbcljbeK8M7mliP9Ia2xoOI6oMerp+QPS7oYJtpGmWe/A=="
    },
    "node_modules/range-parser": {
      "version": "1.0.3",
      "resolved": "https://registry.npmjs.org/range-parser/-/range-parser-1.0.3.tgz",
      "integrity": "sha512-nDsRrtIxVUO5opg/A8T2S3ebULVIfuh8ECbh4w3N4mWxIiT3QILDJDUQayPqm2e8Q8NUa0RSUkGCfe33AfjR3Q==",
      "engines": {
        "node": ">= 0.6"
      }
    },
    "node_modules/raw-body": {
      "version": "2.0.2",
      "resolved": "https://registry.npmjs.org/raw-body/-/raw-body-2.0.2.tgz",
      "integrity": "sha512-YArjFuWQDQtHaA3ACQVKS90Kz0YD5eIe92Uhy9s19LRKAEemlgYXRxmUr4Il0h/035DTPo23pDopJWlIsH100g==",
      "dependencies": {
        "bytes": "2.1.0",
        "iconv-lite": "0.4.8"
      },
      "engines": {
        "node": ">= 0.8"
      }
    },
    "node_modules/raw-body/node_modules/bytes": {
      "version": "2.1.0",
      "resolved": "https://registry.npmjs.org/bytes/-/bytes-2.1.0.tgz",
      "integrity": "sha512-k9VSlRfRi5JYyQWMylSOgjld96ta1qaQUIvmn+na0BzViclH04PBumewv4z5aeXNkn6Z/gAN5FtPeBLvV20F9w=="
    },
    "node_modules/readable-stream": {
      "version": "1.1.14",
      "resolved": "https://registry.npmjs.org/readable-stream/-/readable-stream-1.1.14.tgz",
      "integrity": "sha512-+MeVjFf4L44XUkhM1eYbD8fyEsxcV81pqMSR5gblfcLCHfZvbrqy4/qYHE+/R5HoBUT11WV5O08Cr1n3YXkWVQ==",
      "dependencies": {
        "core-util-is": "~1.0.0",
        "inherits": "~2.0.1",
        "isarray": "0.0.1",
        "string_decoder": "~0.10.x"
      }
    },
    "node_modules/response-time": {
      "version": "2.3.2",
      "resolved": "https://registry.npmjs.org/response-time/-/response-time-2.3.2.tgz",
      "integrity": "sha512-MUIDaDQf+CVqflfTdQ5yam+aYCkXj1PY8fjlPDQ6ppxJlmgZb864pHtA750mayywNg8tx4rS7qH9JXd/OF+3gw==",
      "dependencies": {
        "depd": "~1.1.0",
        "on-headers": "~1.0.1"
      },
      "engines": {
        "node": ">= 0.8.0"
      }
    },
    "node_modules/response-time/node_modules/depd": {
      "version": "1.1.2",
      "resolved": "https://registry.npmjs.org/depd/-/depd-1.1.2.tgz",
      "integrity": "sha512-7emPTl6Dpo6JRXOXjLRxck+FlLRX5847cLKEn00PLAgc3g2hTZZgr+e4c2v6QpSmLeFP3n5yUo7ft6avBK/5jQ==",
      "engines": {
        "node": ">= 0.6"
      }
    },
    "node_modules/rndm": {
      "version": "1.1.1",
      "resolved": "https://registry.npmjs.org/rndm/-/rndm-1.1.1.tgz",
      "integrity": "sha512-0hmr77ro4CsIi6ywLsZ+QqUrwll5DHFdmgeKtf9cBBhiW47BHL7VG6bzhdepnwH4gL3gREnLuP2gCiPRnep5cw=="
    },
    "node_modules/scmp": {
      "version": "1.0.0",
      "resolved": "https://registry.npmjs.org/scmp/-/scmp-1.0.0.tgz",
      "integrity": "sha512-gCzsBFLpXrXnq60hYFV4hc4b5a3nIWTKtFWMYvlcXqs5gHKTR445CO3QbFRZW/O+9tRIVTeC46/MXbq1Se/1Sw==",
      "deprecated": "scmp v2 uses improved core crypto comparison since Node v6.6.0"
    },
    "node_modules/send": {
      "version": "0.12.1",
      "resolved": "https://registry.npmjs.org/send/-/send-0.12.1.tgz",
      "integrity": "sha512-8ADnrRIOgJ6pqGmKwNvo48U6lF3LE0OgFr0dKxTOSiXaGQNgTJooiQOMVQ8eqfhcO6ZXx4UCkKFCHgvkULcPrg==",
      "dependencies": {
        "debug": "~2.1.1",
        "depd": "~1.0.0",
        "destroy": "1.0.3",
        "escape-html": "1.0.1",
        "etag": "~1.5.1",
        "fresh": "0.2.4",
        "mime": "1.3.4",
        "ms": "0.7.0",
        "on-finished": "~2.2.0",
        "range-parser": "~1.0.2"
      },
      "engines": {
        "node": ">= 0.8.0"
      }
    },
    "node_modules/send/node_modules/ms": {
      "version": "0.7.0",
      "resolved": "https://registry.npmjs.org/ms/-/ms-0.7.0.tgz",
      "integrity": "sha512-YmuMMkfOZzzAftlHwiQxFepJx/5rDaYi9o9QanyBCk485BRAyM/vB9XoYlZvglxE/pmAWOiQgrdoE10watiK9w=="
    },
    "node_modules/serve-favicon": {
      "version": "2.2.1",
      "resolved": "https://registry.npmjs.org/serve-favicon/-/serve-favicon-2.2.1.tgz",
      "integrity": "sha512-2EuUMft6+IuO24dUCiHa8UJfTd5+6aNLP5CrkjK4OFR8eu1TgE+eMTf8WQpTlrV07kGEfwrJ/P6rY2zTOAHRlw==",
      "dependencies": {
        "etag": "~1.6.0",
        "fresh": "0.2.4",
        "ms": "0.7.1",
        "parseurl": "~1.3.0"
      },
      "engines": {
        "node": ">= 0.8.0"
      }
    },
    "node_modules/serve-favicon/node_modules/etag": {
      "version": "1.6.0",
      "resolved": "https://registry.npmjs.org/etag/-/etag-1.6.0.tgz",
      "integrity": "sha512-nuKHp9E7WegPlkpbHWPFLD0Yidt/wbV3mZHGr1tUn8apKrsRPbQOxdJm/wQH0uyz+CULQyfRzoqArVByI7WGIg==",
      "dependencies": {
        "crc": "3.2.1"
      },
      "engines": {
        "node": ">= 0.6"
      }
    },
    "node_modules/serve-index": {
      "version": "1.6.4",
      "resolved": "https://registry.npmjs.org/serve-index/-/serve-index-1.6.4.tgz",
      "integrity": "sha512-TPRoUITl7uDHyIR67liEtnbZZTVgDWGQzA6rHT2n88lHRbcGKorgAdtLb8KvS9P8DhWYe6nC4AH7OQzABfDUYQ==",
      "dependencies": {
        "accepts": "~1.2.7",
        "batch": "0.5.2",
        "debug": "~2.2.0",
        "escape-html": "1.0.1",
        "http-errors": "~1.3.1",
        "mime-types": "~2.0.11",
        "parseurl": "~1.3.0"
      },
      "engines": {
        "node": ">= 0.8.0"
      }
    },
    "node_modules/serve-index/node_modules/debug": {
      "version": "2.2.0",
      "resolved": "https://registry.npmjs.org/debug/-/debug-2.2.0.tgz",
      "integrity": "sha512-X0rGvJcskG1c3TgSCPqHJ0XJgwlcvOC7elJ5Y0hYuKBZoVqWpAMfLOeIh2UI/DCQ5ruodIjvsugZtjUYUw2pUw==",
      "dependencies": {
        "ms": "0.7.1"
      }
    },
    "node_modules/serve-index/node_modules/mime-db": {
      "version": "1.12.0",
      "resolved": "https://registry.npmjs.org/mime-db/-/mime-db-1.12.0.tgz",
      "integrity": "sha512-5aMAW7I4jZoZB27fXRuekqc4DVvJ7+hM8UcWrNj2mqibE54gXgPSonBYBdQW5hyaVNGmiYjY0ZMqn9fBefWYvA==",
      "engines": {
        "node": ">= 0.6"
      }
    },
    "node_modules/serve-index/node_modules/mime-types": {
      "version": "2.0.14",
      "resolved": "https://registry.npmjs.org/mime-types/-/mime-types-2.0.14.tgz",
      "integrity": "sha512-2ZHUEstNkIf2oTWgtODr6X0Cc4Ns/RN/hktdozndiEhhAC2wxXejF1FH0XLHTEImE9h6gr/tcnr3YOnSGsxc7Q==",
      "dependencies": {
        "mime-db": "~1.12.0"
      },
      "engines": {
        "node": ">= 0.6"
      }
    },
    "node_modules/serve-static": {
      "version": "1.9.3",
      "resolved": "https://registry.npmjs.org/serve-static/-/serve-static-1.9.3.tgz",
      "integrity": "sha512-RzgLgiNjRMhvdnLWKYJtr/QZ3q8jkDv10loWizQMh53Zlmd2jId5PtarLJO9Z6RtQJ/VcZYkvMOIDTOy86h5qw==",
      "dependencies": {
        "escape-html": "1.0.1",
        "parseurl": "~1.3.0",
        "send": "0.12.3",
        "utils-merge": "1.0.0"
      },
      "engines": {
        "node": ">= 0.8.0"
      }
    },
    "node_modules/serve-static/node_modules/debug": {
      "version": "2.2.0",
      "resolved": "https://registry.npmjs.org/debug/-/debug-2.2.0.tgz",
      "integrity": "sha512-X0rGvJcskG1c3TgSCPqHJ0XJgwlcvOC7elJ5Y0hYuKBZoVqWpAMfLOeIh2UI/DCQ5ruodIjvsugZtjUYUw2pUw==",
      "dependencies": {
        "ms": "0.7.1"
      }
    },
    "node_modules/serve-static/node_modules/etag": {
      "version": "1.6.0",
      "resolved": "https://registry.npmjs.org/etag/-/etag-1.6.0.tgz",
      "integrity": "sha512-nuKHp9E7WegPlkpbHWPFLD0Yidt/wbV3mZHGr1tUn8apKrsRPbQOxdJm/wQH0uyz+CULQyfRzoqArVByI7WGIg==",
      "dependencies": {
        "crc": "3.2.1"
      },
      "engines": {
        "node": ">= 0.6"
      }
    },
    "node_modules/serve-static/node_modules/send": {
      "version": "0.12.3",
      "resolved": "https://registry.npmjs.org/send/-/send-0.12.3.tgz",
      "integrity": "sha512-T/5qhRIkka7r2hnJRWcgpylTpreWNYk7G5EpYrmLNBhz3eP3c8TeasftFr9q++7rKVwRmnfuksMxujot1a74HA==",
      "dependencies": {
        "debug": "~2.2.0",
        "depd": "~1.0.1",
        "destroy": "1.0.3",
        "escape-html": "1.0.1",
        "etag": "~1.6.0",
        "fresh": "0.2.4",
        "mime": "1.3.4",
        "ms": "0.7.1",
        "on-finished": "~2.2.1",
        "range-parser": "~1.0.2"
      },
      "engines": {
        "node": ">= 0.8.0"
      }
    },
    "node_modules/statuses": {
      "version": "1.5.0",
      "resolved": "https://registry.npmjs.org/statuses/-/statuses-1.5.0.tgz",
      "integrity": "sha512-OpZ3zP+jT1PI7I8nemJX4AKmAX070ZkYPVWV/AaKTJl+tXCTGyVdC1a4SL8RUQYEwk/f34ZX8UTykN68FwrqAA==",
      "engines": {
        "node": ">= 0.6"
      }
    },
    "node_modules/stream-counter": {
      "version": "0.2.0",
      "resolved": "https://registry.npmjs.org/stream-counter/-/stream-counter-0.2.0.tgz",
      "integrity": "sha512-GjA2zKc2iXUUKRcOxXQmhEx0Ev3XHJ6c8yWGqhQjWwhGrqNwSsvq9YlRLgoGtZ5Kx2Ln94IedaqJ5GUG6aBbxA==",
      "dependencies": {
        "readable-stream": "~1.1.8"
      },
      "engines": {
        "node": ">=0.8.0"
      }
    },
    "node_modules/string_decoder": {
      "version": "0.10.31",
      "resolved": "https://registry.npmjs.org/string_decoder/-/string_decoder-0.10.31.tgz",
      "integrity": "sha512-ev2QzSzWPYmy9GuqfIVildA4OdcGLeFZQrq5ys6RtiuF+RQQiZWr8TZNyAcuVXyQRYfEO+MsoB/1BuQVhOJuoQ=="
    },
    "node_modules/type-is": {
      "version": "1.6.18",
      "resolved": "https://registry.npmjs.org/type-is/-/type-is-1.6.18.tgz",
      "integrity": "sha512-TkRKr9sUTxEH8MdfuCSP7VizJyzRNMjj2J2do2Jr3Kym598JVdEksuzPQCnlFPW4ky9Q+iA+ma9BGm06XQBy8g==",
      "dependencies": {
        "media-typer": "0.3.0",
        "mime-types": "~2.1.24"
      },
      "engines": {
        "node": ">= 0.6"
      }
    },
    "node_modules/uid-safe": {
      "version": "1.1.0",
      "resolved": "https://registry.npmjs.org/uid-safe/-/uid-safe-1.1.0.tgz",
      "integrity": "sha512-7+QtWs9zioL/iQX61G+4h3EPyr3H+tINIp0IAV4EL32vdf7qmFyuW0BgRqWl7p5oZOsEQrlL0bY7m5D8tp7b1w==",
      "dependencies": {
        "base64-url": "1.2.1",
        "native-or-bluebird": "~1.1.2"
      },
      "engines": {
        "node": ">= 0.8"
      }
    },
    "node_modules/utils-merge": {
      "version": "1.0.0",
      "resolved": "https://registry.npmjs.org/utils-merge/-/utils-merge-1.0.0.tgz",
      "integrity": "sha512-HwU9SLQEtyo+0uoKXd1nkLqigUWLB+QuNQR4OcmB73eWqksM5ovuqcycks2x043W8XVb75rG1HQ0h93TMXkzQQ==",
      "engines": {
        "node": ">= 0.4.0"
      }
    },
    "node_modules/vary": {
      "version": "1.0.1",
      "resolved": "https://registry.npmjs.org/vary/-/vary-1.0.1.tgz",
      "integrity": "sha512-yNsH+tC0r8quK2tg/yqkXqqaYzeKTkSqQ+8T6xCoWgOi/bU/omMYz+6k+I91JJJDeltJzI7oridTOq6OYkY0Tw==",
      "engines": {
        "node": ">= 0.8"
      }
    },
    "node_modules/vhost": {
      "version": "3.0.2",
      "resolved": "https://registry.npmjs.org/vhost/-/vhost-3.0.2.tgz",
      "integrity": "sha512-S3pJdWrpFWrKMboRU4dLYgMrTgoPALsmYwOvyebK2M6X95b9kQrjZy5rwl3uzzpfpENe/XrNYu/2U+e7/bmT5g==",
      "engines": {
        "node": ">= 0.8.0"
      }
    }
  }
}
